
Microsoft Visual Studio Solution File, Format Version 12.00
# Visual Studio Version 16
VisualStudioVersion = 16.0.29411.108
MinimumVisualStudioVersion = 10.0.40219.1
Project("{FAE04EC0-301F-11D3-BF4B-00C04F79EFBC}") = "MK.DotNetCore.Dapper.WebApi", "MK.DotNetCore.Dapper.WebApi\MK.DotNetCore.Dapper.WebApi.csproj", "{CF258079-0934-4AB9-B101-3F16173E6280}"
EndProject
Project("{FAE04EC0-301F-11D3-BF4B-00C04F79EFBC}") = "MK.DotNetCore.Dapper.ApplicationCore", "MK.DotNetCore.Dapper.ApplicationCore\MK.DotNetCore.Dapper.ApplicationCore.csproj", "{7DFFCE38-9D57-4F62-ABCC-6A4A7523953B}"
EndProject
Project("{FAE04EC0-301F-11D3-BF4B-00C04F79EFBC}") = "MK.DotNetCore.Dapper.Infrastructure", "MK.DotNetCore.Dapper.Infrastructure\MK.DotNetCore.Dapper.Infrastructure.csproj", "{1808F5CD-5EC5-403B-AE73-067AF1C83A12}"
EndProject
Global
	GlobalSection(SolutionConfigurationPlatforms) = preSolution
		Debug|Any CPU = Debug|Any CPU
		Release|Any CPU = Release|Any CPU
	EndGlobalSection
	GlobalSection(ProjectConfigurationPlatforms) = postSolution
		{CF258079-0934-4AB9-B101-3F16173E6280}.Debug|Any CPU.ActiveCfg = Debug|Any CPU
		{CF258079-0934-4AB9-B101-3F16173E6280}.Debug|Any CPU.Build.0 = Debug|Any CPU
		{CF258079-0934-4AB9-B101-3F16173E6280}.Release|Any CPU.ActiveCfg = Release|Any CPU
		{CF258079-0934-4AB9-B101-3F16173E6280}.Release|Any CPU.Build.0 = Release|Any CPU
		{7DFFCE38-9D57-4F62-ABCC-6A4A7523953B}.Debug|Any CPU.ActiveCfg = Debug|Any CPU
		{7DFFCE38-9D57-4F62-ABCC-6A4A7523953B}.Debug|Any CPU.Build.0 = Debug|Any CPU
		{7DFFCE38-9D57-4F62-ABCC-6A4A7523953B}.Release|Any CPU.ActiveCfg = Release|Any CPU
		{7DFFCE38-9D57-4F62-ABCC-6A4A7523953B}.Release|Any CPU.Build.0 = Release|Any CPU
		{1808F5CD-5EC5-403B-AE73-067AF1C83A12}.Debug|Any CPU.ActiveCfg = Debug|Any CPU
		{1808F5CD-5EC5-403B-AE73-067AF1C83A12}.Debug|Any CPU.Build.0 = Debug|Any CPU
		{1808F5CD-5EC5-403B-AE73-067AF1C83A12}.Release|Any CPU.ActiveCfg = Release|Any CPU
		{1808F5CD-5EC5-403B-AE73-067AF1C83A12}.Release|Any CPU.Build.0 = Release|Any CPU
	EndGlobalSection
	GlobalSection(SolutionProperties) = preSolution
		HideSolutionNode = FALSE
	EndGlobalSection
	GlobalSection(ExtensibilityGlobals) = postSolution
		SolutionGuid = {FA65861B-FF13-444A-82ED-9D1A9EDB1F15}
	EndGlobalSection
EndGlobal
